
Microsoft Visual Studio Solution File, Format Version 12.00
# Visual Studio 15
VisualStudioVersion = 15.0.28307.271
MinimumVisualStudioVersion = 10.0.40219.1
Project("{FAE04EC0-301F-11D3-BF4B-00C04F79EFBC}") = "Api", "src\Api\Api.csproj", "{ED0C478E-CDB0-4178-AB5B-6AD71B211F46}"
EndProject
Project("{FAE04EC0-301F-11D3-BF4B-00C04F79EFBC}") = "Domain", "src\Domain\Domain.csproj", "{71FEE870-341E-416A-BCBC-ED90FEEB1D3E}"
EndProject
Project("{FAE04EC0-301F-11D3-BF4B-00C04F79EFBC}") = "Application", "src\Application\Application.csproj", "{A08359B2-3E13-4BBC-876F-BD308F270D72}"
EndProject
Global
	GlobalSection(SolutionConfigurationPlatforms) = preSolution
		Debug|Any CPU = Debug|Any CPU
		Release|Any CPU = Release|Any CPU
	EndGlobalSection
	GlobalSection(ProjectConfigurationPlatforms) = postSolution
		{ED0C478E-CDB0-4178-AB5B-6AD71B211F46}.Debug|Any CPU.ActiveCfg = Debug|Any CPU
		{ED0C478E-CDB0-4178-AB5B-6AD71B211F46}.Debug|Any CPU.Build.0 = Debug|Any CPU
		{ED0C478E-CDB0-4178-AB5B-6AD71B211F46}.Release|Any CPU.ActiveCfg = Release|Any CPU
		{ED0C478E-CDB0-4178-AB5B-6AD71B211F46}.Release|Any CPU.Build.0 = Release|Any CPU
		{71FEE870-341E-416A-BCBC-ED90FEEB1D3E}.Debug|Any CPU.ActiveCfg = Debug|Any CPU
		{71FEE870-341E-416A-BCBC-ED90FEEB1D3E}.Debug|Any CPU.Build.0 = Debug|Any CPU
		{71FEE870-341E-416A-BCBC-ED90FEEB1D3E}.Release|Any CPU.ActiveCfg = Release|Any CPU
		{71FEE870-341E-416A-BCBC-ED90FEEB1D3E}.Release|Any CPU.Build.0 = Release|Any CPU
		{A08359B2-3E13-4BBC-876F-BD308F270D72}.Debug|Any CPU.ActiveCfg = Debug|Any CPU
		{A08359B2-3E13-4BBC-876F-BD308F270D72}.Debug|Any CPU.Build.0 = Debug|Any CPU
		{A08359B2-3E13-4BBC-876F-BD308F270D72}.Release|Any CPU.ActiveCfg = Release|Any CPU
		{A08359B2-3E13-4BBC-876F-BD308F270D72}.Release|Any CPU.Build.0 = Release|Any CPU
	EndGlobalSection
	GlobalSection(SolutionProperties) = preSolution
		HideSolutionNode = FALSE
	EndGlobalSection
	GlobalSection(ExtensibilityGlobals) = postSolution
		SolutionGuid = {82328282-CCA1-4691-907C-93714EF8AB06}
	EndGlobalSection
EndGlobal
